
Microsoft Visual Studio Solution File, Format Version 12.00
# Visual Studio Version 16
VisualStudioVersion = 16.0.31105.61
MinimumVisualStudioVersion = 10.0.40219.1
Project("{9A19103F-16F7-4668-BE54-9A1E7A4F7556}") = "guessTheNumber", "guessTheNumber\guessTheNumber.csproj", "{E4393DD4-7FAC-45F5-9E0A-35F146B4AF42}"
EndProject
Project("{FAE04EC0-301F-11D3-BF4B-00C04F79EFBC}") = "guessTheNumberTest", "guessTheNumberTest\guessTheNumberTest.csproj", "{CB5D4A0E-BC61-4B02-B797-B0C3D2426E31}"
EndProject
Global
	GlobalSection(SolutionConfigurationPlatforms) = preSolution
		Debug|Any CPU = Debug|Any CPU
		Release|Any CPU = Release|Any CPU
	EndGlobalSection
	GlobalSection(ProjectConfigurationPlatforms) = postSolution
		{E4393DD4-7FAC-45F5-9E0A-35F146B4AF42}.Debug|Any CPU.ActiveCfg = Debug|Any CPU
		{E4393DD4-7FAC-45F5-9E0A-35F146B4AF42}.Debug|Any CPU.Build.0 = Debug|Any CPU
		{E4393DD4-7FAC-45F5-9E0A-35F146B4AF42}.Release|Any CPU.ActiveCfg = Release|Any CPU
		{E4393DD4-7FAC-45F5-9E0A-35F146B4AF42}.Release|Any CPU.Build.0 = Release|Any CPU
		{CB5D4A0E-BC61-4B02-B797-B0C3D2426E31}.Debug|Any CPU.ActiveCfg = Debug|Any CPU
		{CB5D4A0E-BC61-4B02-B797-B0C3D2426E31}.Debug|Any CPU.Build.0 = Debug|Any CPU
		{CB5D4A0E-BC61-4B02-B797-B0C3D2426E31}.Release|Any CPU.ActiveCfg = Release|Any CPU
		{CB5D4A0E-BC61-4B02-B797-B0C3D2426E31}.Release|Any CPU.Build.0 = Release|Any CPU
	EndGlobalSection
	GlobalSection(SolutionProperties) = preSolution
		HideSolutionNode = FALSE
	EndGlobalSection
	GlobalSection(ExtensibilityGlobals) = postSolution
		SolutionGuid = {772DB545-6363-4555-831D-EFB6E8F767BD}
	EndGlobalSection
EndGlobal
